
Microsoft Visual Studio Solution File, Format Version 12.00
# Visual Studio Version 17
VisualStudioVersion = 17.5.002.0
MinimumVisualStudioVersion = 10.0.40219.1
Project("{9A19103F-16F7-4668-BE54-9A1E7A4F7556}") = "GradientBoost", "GradientBoost.csproj", "{9EBBA2BC-362D-4686-B142-D16B51471211}"
EndProject
Global
	GlobalSection(SolutionConfigurationPlatforms) = preSolution
		Debug|Any CPU = Debug|Any CPU
		Release|Any CPU = Release|Any CPU
	EndGlobalSection
	GlobalSection(ProjectConfigurationPlatforms) = postSolution
		{9EBBA2BC-362D-4686-B142-D16B51471211}.Debug|Any CPU.ActiveCfg = Debug|Any CPU
		{9EBBA2BC-362D-4686-B142-D16B51471211}.Debug|Any CPU.Build.0 = Debug|Any CPU
		{9EBBA2BC-362D-4686-B142-D16B51471211}.Release|Any CPU.ActiveCfg = Release|Any CPU
		{9EBBA2BC-362D-4686-B142-D16B51471211}.Release|Any CPU.Build.0 = Release|Any CPU
	EndGlobalSection
	GlobalSection(SolutionProperties) = preSolution
		HideSolutionNode = FALSE
	EndGlobalSection
	GlobalSection(ExtensibilityGlobals) = postSolution
		SolutionGuid = {2C1F6A81-35B6-47D4-BA04-0802FF7DA540}
	EndGlobalSection
EndGlobal
